
Microsoft Visual Studio Solution File, Format Version 12.00
# Visual Studio Version 16
VisualStudioVersion = 16.0.31321.278
MinimumVisualStudioVersion = 10.0.40219.1
Project("{FAE04EC0-301F-11D3-BF4B-00C04F79EFBC}") = "MvcProje", "MvcProje\MvcProje.csproj", "{ECBDE791-92A0-4265-B87E-2497ACBAA016}"
EndProject
Project("{FAE04EC0-301F-11D3-BF4B-00C04F79EFBC}") = "EntityLayer", "EntityLayer\EntityLayer.csproj", "{4E9EC108-13A9-4B91-9FC0-39589868958B}"
EndProject
Project("{FAE04EC0-301F-11D3-BF4B-00C04F79EFBC}") = "DataAccessLayer", "DataAccessLayer\DataAccessLayer.csproj", "{21B59B08-3626-4EB5-BDD2-40B9FE96643B}"
EndProject
Project("{FAE04EC0-301F-11D3-BF4B-00C04F79EFBC}") = "BusinessLayer", "BusinessLayer\BusinessLayer.csproj", "{368B060E-45B2-4A50-B7F0-74B4C66450E3}"
EndProject
Global
	GlobalSection(SolutionConfigurationPlatforms) = preSolution
		Debug|Any CPU = Debug|Any CPU
		Release|Any CPU = Release|Any CPU
	EndGlobalSection
	GlobalSection(ProjectConfigurationPlatforms) = postSolution
		{ECBDE791-92A0-4265-B87E-2497ACBAA016}.Debug|Any CPU.ActiveCfg = Debug|Any CPU
		{ECBDE791-92A0-4265-B87E-2497ACBAA016}.Debug|Any CPU.Build.0 = Debug|Any CPU
		{ECBDE791-92A0-4265-B87E-2497ACBAA016}.Release|Any CPU.ActiveCfg = Release|Any CPU
		{ECBDE791-92A0-4265-B87E-2497ACBAA016}.Release|Any CPU.Build.0 = Release|Any CPU
		{4E9EC108-13A9-4B91-9FC0-39589868958B}.Debug|Any CPU.ActiveCfg = Debug|Any CPU
		{4E9EC108-13A9-4B91-9FC0-39589868958B}.Debug|Any CPU.Build.0 = Debug|Any CPU
		{4E9EC108-13A9-4B91-9FC0-39589868958B}.Release|Any CPU.ActiveCfg = Release|Any CPU
		{4E9EC108-13A9-4B91-9FC0-39589868958B}.Release|Any CPU.Build.0 = Release|Any CPU
		{21B59B08-3626-4EB5-BDD2-40B9FE96643B}.Debug|Any CPU.ActiveCfg = Debug|Any CPU
		{21B59B08-3626-4EB5-BDD2-40B9FE96643B}.Debug|Any CPU.Build.0 = Debug|Any CPU
		{21B59B08-3626-4EB5-BDD2-40B9FE96643B}.Release|Any CPU.ActiveCfg = Release|Any CPU
		{21B59B08-3626-4EB5-BDD2-40B9FE96643B}.Release|Any CPU.Build.0 = Release|Any CPU
		{368B060E-45B2-4A50-B7F0-74B4C66450E3}.Debug|Any CPU.ActiveCfg = Debug|Any CPU
		{368B060E-45B2-4A50-B7F0-74B4C66450E3}.Debug|Any CPU.Build.0 = Debug|Any CPU
		{368B060E-45B2-4A50-B7F0-74B4C66450E3}.Release|Any CPU.ActiveCfg = Release|Any CPU
		{368B060E-45B2-4A50-B7F0-74B4C66450E3}.Release|Any CPU.Build.0 = Release|Any CPU
	EndGlobalSection
	GlobalSection(SolutionProperties) = preSolution
		HideSolutionNode = FALSE
	EndGlobalSection
	GlobalSection(ExtensibilityGlobals) = postSolution
		SolutionGuid = {79417239-36A0-4F42-813A-DCA200474E76}
	EndGlobalSection
EndGlobal
